github.com/rabbitmq/amqp091-go v1.14.0 h1:RSaT7aOKt/OrkVUyswPDW29lnRz9psuGmfZFBmLqLek=
github.com/rabbitmq/amqp091-go v1.14.0/go.mod h1:Hy4jKW5kQART1u+JkDTF9YYOQUHXqMuhrgxOEeS7G4o=
github.com/rabbitmq/rabbitmq-stream-go-client v1.8.3 h1:vbq4TFWTkSy8Nq2UYPWpRs/M+xbDTE/3EUZ+/+ZZZ7A=
github.com/rabbitmq/rabbitmq-stream-go-client v1.8.3/go.mod h1:K7ZMRvdpEu3joY5aVNl5gqBeLq1ks9swo4KxMq5ln1o=
